github.com/aws/aws-sdk-go-v2 v1.47.1 h1:uOIZnp4PK3ZhKI0dNrJrhTEsLxbpXHTAJlwoS1pvAtw=
github.com/aws/aws-sdk-go-v2 v1.47.1/go.mod h1:bttEH6JqnUL8LepvDVfdrds/fZ5bCIxzpe3abyUrhDU=
github.com/aws/aws-sdk-go-v2/aws/protocol/eventstream v1.7.20 h1:GPRlPwz40I2B2VrBEASOA3Bi77NyeqejNLkifosX0rs=
github.com/aws/aws-sdk-go-v2/aws/protocol/eventstream v1.7.20/go.mod h1:g7PNzKcsOKWb4fkSRBA7BZVAS6Y8IcxzN+nRohhQ1Q8=
github.com/aws/aws-sdk-go-v2/credentials v1.20.6 h1:NpAFXCU7NzXNkdGK3zQTtsRJ+3v9tZQV0xcdRw8uBdw=
github.com/aws/aws-sdk-go-v2/credentials v1.20.6/go.mod h1:mcZCoiPnyMvP8VMNbygNX5lLqSlkYJIMPODylQMurOk=
github.com/aws/aws-sdk-go-v2/internal/configsources v1.5.4 h1:CLq4+8UHCI+ZZYl/EuJxXovaIVN2xeeT8JV+dsApQ5E=
github.com/aws/aws-sdk-go-v2/internal/configsources v1.5.4/go.mod h1:Wv4q5sAM04xAMkoOedxLx2inVf6K5FdxYp+A61L+q/0=
github.com/aws/aws-sdk-go-v2/internal/endpoints/v2 v2.8.4 h1:dD4MR81I7YkpEBRk6UP9rocC2QnT3qVuXwzlYTtfGEs=
github.com/aws/aws-sdk-go-v2/internal/endpoints/v2 v2.8.4/go.mod h1:EcXV1kAFd5XwSkDHlj94gnF3q5CkJyYiIJfH8N0VmrE=
github.com/aws/aws-sdk-go-v2/internal/v4a v1.5.4 h1:7Wo47d/xn/7KttCSBd8EGYeZ7ULRFRkUHr6vkZPBzVQ=
github.com/aws/aws-sdk-go-v2/internal/v4a v1.5.4/go.mod h1:tDB2IVC1xC3vX8o+6uRlzhTxP3g1b77CZXFX/oD2FnQ=
github.com/aws/aws-sdk-go-v2/service/apigateway v1.50.0 h1:qqmEcIHue+Qj2+JpmbJiBaBuTD6/m5VazEAXj2lxtpI=
github.com/aws/aws-sdk-go-v2/service/apigateway v1.50.0/go.mod h1:vohdhhN7O8YZl/zdlHuso9wV8Z3PRLlF98asxJAVVds=
github.com/aws/aws-sdk-go-v2/service/apigatewayv2 v1.44.0 h1:+PUmMN8TCOMwE5sk/fblfq9rBDhFpcS0tVub1jEifmU=
github.com/aws/aws-sdk-go-v2/service/apigatewayv2 v1.44.0/go.mod h1:gy2IdCAIthzCjcS6WsPsW2GD+64llLAC3d3XOIH8p7g=
github.com/aws/aws-sdk-go-v2/service/cloudwatchlogs v1.88.1 h1:+pie8Q5EQoy2FvLb9zeoWabVC+Pfzyba4wwm7jgKyLc=
github.com/aws/aws-sdk-go-v2/service/cloudwatchlogs v1.88.1/go.mod h1:exErhqgSxrpHC1W1zKuAPcol+xft1vq6/HNmq2xBA4o=
github.com/aws/aws-sdk-go-v2/service/dynamodb v1.69.1 h1:bKwiQA6SKqFXBO+1IwP/hTwCU5RlqeitG4gVvSuMN8U=
github.com/aws/aws-sdk-go-v2/service/dynamodb v1.69.1/go.mod h1:Gm+i2GlUsFNlzoBq8VXF44XHbKANn3tV8nYBBp3rN8Q=
github.com/aws/aws-sdk-go-v2/service/eventbridge v1.55.0 h1:dzNyTs2JZDkJe6xEIfEzZn0QaRrlIQ1g5+Hvr8fKB24=
github.com/aws/aws-sdk-go-v2/service/eventbridge v1.55.0/go.mod h1:PHBqqGWpL8Y4aHZJPVIR3HBqQRkd7qHKunN2nAv8e7A=
github.com/aws/aws-sdk-go-v2/service/iam v1.64.1 h1:Uwitin0mXJ7iG5rFuuja3aG9/c84LpyyZUhaTiwZj7w=
github.com/aws/aws-sdk-go-v2/service/iam v1.64.1/go.mod h1:UUmRA59lum0YCVY7b8pz1Qaxa2Jx0rWFm0vX6YZPGfU=
github.com/aws/aws-sdk-go-v2/service/internal/accept-encoding v1.13.19 h1:bAdDl/HkGCcGPoe25ToSHEw23VIxt6CT5fLcg111BKg=
github.com/aws/aws-sdk-go-v2/service/internal/accept-encoding v1.13.19/go.mod h1:KaUzbLxv4CeSxh6ZCl9B4m7CuFenS8kUEaDs+f/DQr4=
github.com/aws/aws-sdk-go-v2/service/internal/checksum v1.11.5 h1:/TYsZXdA8UTa+WCtCYSAJIr1vwl0+eho6TUgJGwFFO8=
github.com/aws/aws-sdk-go-v2/service/internal/checksum v1.11.5/go.mod h1:qPqp1Uwd/BqdhPufv6oem9j5J7HNsgc2V22dUiDPn+s=
github.com/aws/aws-sdk-go-v2/service/internal/endpoint-discovery v1.13.4 h1:6HvmOQ1rBRrZ4qPJSWxd5szPKUsngXCwSw+V3UaJHmw=
github.com/aws/aws-sdk-go-v2/service/internal/endpoint-discovery v1.13.4/go.mod h1:zv2N29aiQUhG2XZNM9zgwCnAyVBdTBbcIpfNAlNmA20=
github.com/aws/aws-sdk-go-v2/service/internal/presigned-url v1.14.4 h1:29SvnfGhXjTl8ONxFwbj2rs6lbhiFXD2CgFQmbT/bXY=
github.com/aws/aws-sdk-go-v2/service/internal/presigned-url v1.14.4/go.mod h1:wm04I5DMuNVvZHFe/dHnUxincvNbbK7AiNBbYsQivek=
github.com/aws/aws-sdk-go-v2/service/internal/s3shared v1.20.4 h1:pPiWfgeNxqluKEph7hvU88kuGKBPOWzO+Dk9t2zqqNs=
github.com/aws/aws-sdk-go-v2/service/internal/s3shared v1.20.4/go.mod h1:YlwGoIUDG/3kBQbdNOVs/xKZ9J01G8e/6D1mRBj9uTk=
github.com/aws/aws-sdk-go-v2/service/lambda v1.110.0 h1:fJUTGbCN/EKBq/TIR84MDI0qr4eY9qNaw19dT+S2LCA=
github.com/aws/aws-sdk-go-v2/service/lambda v1.110.0/go.mod h1:jUmFXtUKRVCKTaKap+NgL32pmSkVehamqqMENlGMApk=
github.com/aws/aws-sdk-go-v2/service/s3 v1.113.4 h1:n6kO3OlBvnDEksQpvBLbAldjHwGlu8kErvhHJkhlaRY=
github.com/aws/aws-sdk-go-v2/service/s3 v1.113.4/go.mod h1:9APRWGLFITKD+xzWSIyT9V7QV4bNlEuIieWlzXgGFlI=
github.com/aws/aws-sdk-go-v2/service/sns v1.47.2 h1:hAqjMqf85Ht/P69qoLoXAmCjWFaq5e2n1dCEgobkvf8=
github.com/aws/aws-sdk-go-v2/service/sns v1.47.2/go.mod h1:u1Rxkb4urNhfa5IAbBxPhNVsqWUkGku8IiZ5S5PFOFM=
github.com/aws/aws-sdk-go-v2/service/sqs v1.52.1 h1:jBQM8NL0q3h0ZpHqo4TxOD9Ope96SlEF1Y6VLsF20nQ=
github.com/aws/aws-sdk-go-v2/service/sqs v1.52.1/go.mod h1:+TDqZ1h8CLkW9ewfQkSPWHYRjm7/wDThKeDlR46qyvE=
github.com/aws/smithy-go v1.28.1 h1:R/nXH00c8qcfCzQVELtRw+eLQWtzv+VAIEFJ1/xxXlQ=
github.com/aws/smithy-go v1.28.1/go.mod h1:YE2RhdIuDbA5E5bTdciG9KrW3+TiEONeUWCqxX9i1Fc=
